
Microsoft Visual Studio Solution File, Format Version 12.00
# Visual Studio 15
VisualStudioVersion = 15.0.28010.2026
MinimumVisualStudioVersion = 10.0.40219.1
Project("{E24C65DC-7377-472B-9ABA-BC803B73C61A}") = "iptecuico.github.io", ".", "{07740A0A-9A93-45BE-8149-02CE389CEA3D}"
	ProjectSection(WebsiteProperties) = preProject
		TargetFrameworkMoniker = ".NETFramework,Version%3Dv4.6.1"
		Debug.AspNetCompiler.VirtualPath = "/localhost_64940"
		Debug.AspNetCompiler.PhysicalPath = "..\iptecuico.github.io\"
		Debug.AspNetCompiler.TargetPath = "PrecompiledWeb\localhost_64940\"
		Debug.AspNetCompiler.Updateable = "true"
		Debug.AspNetCompiler.ForceOverwrite = "true"
		Debug.AspNetCompiler.FixedNames = "false"
		Debug.AspNetCompiler.Debug = "True"
		Release.AspNetCompiler.VirtualPath = "/localhost_64940"
		Release.AspNetCompiler.PhysicalPath = "..\iptecuico.github.io\"
		Release.AspNetCompiler.TargetPath = "PrecompiledWeb\localhost_64940\"
		Release.AspNetCompiler.Updateable = "true"
		Release.AspNetCompiler.ForceOverwrite = "true"
		Release.AspNetCompiler.FixedNames = "false"
		Release.AspNetCompiler.Debug = "False"
		VWDPort = "64940"
		SlnRelativePath = "..\iptecuico.github.io\"
	EndProjectSection
EndProject
Global
	GlobalSection(SolutionConfigurationPlatforms) = preSolution
		Debug|Any CPU = Debug|Any CPU
	EndGlobalSection
	GlobalSection(ProjectConfigurationPlatforms) = postSolution
		{07740A0A-9A93-45BE-8149-02CE389CEA3D}.Debug|Any CPU.ActiveCfg = Debug|Any CPU
		{07740A0A-9A93-45BE-8149-02CE389CEA3D}.Debug|Any CPU.Build.0 = Debug|Any CPU
	EndGlobalSection
	GlobalSection(SolutionProperties) = preSolution
		HideSolutionNode = FALSE
	EndGlobalSection
	GlobalSection(ExtensibilityGlobals) = postSolution
		SolutionGuid = {6FB59C6D-42DF-4B3C-B4A2-0835ED4F362B}
	EndGlobalSection
EndGlobal
